
Microsoft Visual Studio Solution File, Format Version 12.00
# Visual Studio Version 16
VisualStudioVersion = 16.0.29411.108
MinimumVisualStudioVersion = 10.0.40219.1
Project("{FAE04EC0-301F-11D3-BF4B-00C04F79EFBC}") = "IdentityServer", "IdentityServerMVC\IdentityServer.csproj", "{C652A311-34FF-4C5E-9348-7EADE8280893}"
EndProject
Project("{FAE04EC0-301F-11D3-BF4B-00C04F79EFBC}") = "WebAppMVC", "WebAppMVC\WebAppMVC.csproj", "{7D82E94D-F1A3-4076-A2D8-154A7F80168B}"
EndProject
Global
	GlobalSection(SolutionConfigurationPlatforms) = preSolution
		Debug|Any CPU = Debug|Any CPU
		Release|Any CPU = Release|Any CPU
	EndGlobalSection
	GlobalSection(ProjectConfigurationPlatforms) = postSolution
		{C652A311-34FF-4C5E-9348-7EADE8280893}.Debug|Any CPU.ActiveCfg = Debug|Any CPU
		{C652A311-34FF-4C5E-9348-7EADE8280893}.Debug|Any CPU.Build.0 = Debug|Any CPU
		{C652A311-34FF-4C5E-9348-7EADE8280893}.Release|Any CPU.ActiveCfg = Release|Any CPU
		{C652A311-34FF-4C5E-9348-7EADE8280893}.Release|Any CPU.Build.0 = Release|Any CPU
		{7D82E94D-F1A3-4076-A2D8-154A7F80168B}.Debug|Any CPU.ActiveCfg = Debug|Any CPU
		{7D82E94D-F1A3-4076-A2D8-154A7F80168B}.Debug|Any CPU.Build.0 = Debug|Any CPU
		{7D82E94D-F1A3-4076-A2D8-154A7F80168B}.Release|Any CPU.ActiveCfg = Release|Any CPU
		{7D82E94D-F1A3-4076-A2D8-154A7F80168B}.Release|Any CPU.Build.0 = Release|Any CPU
	EndGlobalSection
	GlobalSection(SolutionProperties) = preSolution
		HideSolutionNode = FALSE
	EndGlobalSection
	GlobalSection(ExtensibilityGlobals) = postSolution
		SolutionGuid = {786C8193-F55B-45FB-BFC7-AD4EAB51C78E}
	EndGlobalSection
EndGlobal
